
Microsoft Visual Studio Solution File, Format Version 12.00
# Visual Studio Version 16
VisualStudioVersion = 16.0.31410.357
MinimumVisualStudioVersion = 10.0.40219.1
Project("{FAE04EC0-301F-11D3-BF4B-00C04F79EFBC}") = "Basic", "Basics\Basic.csproj", "{CEBD72F6-BC34-4FDB-AC68-73978BCFE41C}"
EndProject
Project("{FAE04EC0-301F-11D3-BF4B-00C04F79EFBC}") = "BasicProgramming", "BasicProgramming\BasicProgramming.csproj", "{E60DCA52-821F-48F6-AA77-35A047858C4F}"
EndProject
Project("{FAE04EC0-301F-11D3-BF4B-00C04F79EFBC}") = "DataTypes", "DataTypes\DataTypes.csproj", "{D491AB9E-0972-427E-96F7-CE649E28CB62}"
EndProject
Project("{FAE04EC0-301F-11D3-BF4B-00C04F79EFBC}") = "Variables", "Variables\Variables.csproj", "{4B3156E4-0709-4682-8FB6-4A4E5FFBF20F}"
EndProject
Project("{FAE04EC0-301F-11D3-BF4B-00C04F79EFBC}") = "DecisionMaking", "DecisionMaking\DecisionMaking.csproj", "{3FC7D33D-8341-4639-AF0D-469973508185}"
EndProject
Project("{FAE04EC0-301F-11D3-BF4B-00C04F79EFBC}") = "Operators", "Operators\Operators.csproj", "{1D84F9B9-8FEB-4576-8303-9D7A5A71C62C}"
EndProject
Project("{FAE04EC0-301F-11D3-BF4B-00C04F79EFBC}") = "Looping", "Looping\Looping.csproj", "{13F8EE8E-5C3A-446C-A8DB-B28FECE6B515}"
EndProject
Project("{FAE04EC0-301F-11D3-BF4B-00C04F79EFBC}") = "Encapsulation", "Encapsulation\Encapsulation.csproj", "{E0DECC7A-85A6-4BAC-98B0-52C45CC0CF99}"
EndProject
Project("{FAE04EC0-301F-11D3-BF4B-00C04F79EFBC}") = "Methods", "Methods\Methods.csproj", "{0C064740-F38E-46E7-9393-074E42044FFE}"
EndProject
Project("{FAE04EC0-301F-11D3-BF4B-00C04F79EFBC}") = "Nullables", "Nullables\Nullables.csproj", "{04DB9E85-E0BE-427B-9B83-C89CB4E9131E}"
EndProject
Project("{FAE04EC0-301F-11D3-BF4B-00C04F79EFBC}") = "Arrays", "Arrays\Arrays.csproj", "{2F7FBEC4-A47C-47FD-AC03-8EC0425B2DDA}"
EndProject
Project("{FAE04EC0-301F-11D3-BF4B-00C04F79EFBC}") = "Strings", "Strings\Strings.csproj", "{7FEFC1CC-4455-4257-BCD1-1C0F9185C433}"
EndProject
Project("{FAE04EC0-301F-11D3-BF4B-00C04F79EFBC}") = "Structure", "Structure\Structure.csproj", "{2C2ACF1A-6902-47E8-9CD6-379454746B34}"
EndProject
Project("{FAE04EC0-301F-11D3-BF4B-00C04F79EFBC}") = "Enums", "Enums\Enums.csproj", "{998338EE-73D8-4EF0-8B6C-03FDAC490B0C}"
EndProject
Project("{FAE04EC0-301F-11D3-BF4B-00C04F79EFBC}") = "Classes", "Classes\Classes.csproj", "{243635C3-E123-4114-BD21-575DD1CA726B}"
EndProject
Project("{FAE04EC0-301F-11D3-BF4B-00C04F79EFBC}") = "Inheritance", "Inheritance\Inheritance.csproj", "{8E28617D-A5D7-454A-B879-04E39577B637}"
EndProject
Project("{FAE04EC0-301F-11D3-BF4B-00C04F79EFBC}") = "Polymorphism", "Polymorphism\Polymorphism.csproj", "{55E5CBC5-8D43-4B08-9E4C-BD011ABF61F3}"
EndProject
Project("{FAE04EC0-301F-11D3-BF4B-00C04F79EFBC}") = "OperatorOverloading", "OperatorOverloading\OperatorOverloading.csproj", "{2924EEEA-96B9-442A-9FE8-DE7EFBFAF925}"
EndProject
Project("{FAE04EC0-301F-11D3-BF4B-00C04F79EFBC}") = "Interface", "Interface\Interface.csproj", "{8EF2B534-1165-493F-B27E-397DF24FA907}"
EndProject
Project("{FAE04EC0-301F-11D3-BF4B-00C04F79EFBC}") = "Namespaces", "Namespaces\Namespaces.csproj", "{2C71DBAC-25C6-40EC-B89C-3C65D9CB15BC}"
EndProject
Project("{FAE04EC0-301F-11D3-BF4B-00C04F79EFBC}") = "Preprocessor", "Preprocessor\Preprocessor.csproj", "{3BBECD9A-985C-4057-B412-8B16C431DF0F}"
EndProject
Project("{FAE04EC0-301F-11D3-BF4B-00C04F79EFBC}") = "RegularExpressions", "RegularExpressions\RegularExpressions.csproj", "{E360CE5C-D07A-4536-BB1D-B75EE60C7C08}"
EndProject
Project("{FAE04EC0-301F-11D3-BF4B-00C04F79EFBC}") = "Exception", "Exception\Exception.csproj", "{7B4F3C64-5985-4E23-89D9-628D7364151C}"
EndProject
Project("{FAE04EC0-301F-11D3-BF4B-00C04F79EFBC}") = "FileIO", "FileIO\FileIO.csproj", "{CB76B49B-A063-4991-8E80-4162B7A95362}"
EndProject
Project("{FAE04EC0-301F-11D3-BF4B-00C04F79EFBC}") = "Multithreading", "Multithreading\Multithreading.csproj", "{06EA122B-C9E8-4154-8FD2-23EE0FA8B351}"
EndProject
Project("{FAE04EC0-301F-11D3-BF4B-00C04F79EFBC}") = "ArrayList", "ArrayList\ArrayList.csproj", "{70803965-A98D-4DEC-A890-393DCA4CD393}"
EndProject
Project("{FAE04EC0-301F-11D3-BF4B-00C04F79EFBC}") = "HashTable", "HashTable\HashTable.csproj", "{51007A25-A903-47BB-BE52-FD49F9547ED6}"
EndProject
Project("{FAE04EC0-301F-11D3-BF4B-00C04F79EFBC}") = "SortedList", "SortedList\SortedList.csproj", "{7094F9C5-00C6-4CB7-8FB1-BFF737185181}"
EndProject
Project("{FAE04EC0-301F-11D3-BF4B-00C04F79EFBC}") = "StackApp", "StackApp\StackApp.csproj", "{E0312354-6DAF-4610-9BEC-EE19F13ECE79}"
EndProject
Project("{FAE04EC0-301F-11D3-BF4B-00C04F79EFBC}") = "QueueApplication", "QueueApplication\QueueApplication.csproj", "{7C96B637-360C-413C-8D94-254741DE3551}"
EndProject
Project("{FAE04EC0-301F-11D3-BF4B-00C04F79EFBC}") = "BitArrays", "BitArrays\BitArrays.csproj", "{2479D7C5-CC4E-468A-BD29-BD8C48F86505}"
EndProject
Project("{FAE04EC0-301F-11D3-BF4B-00C04F79EFBC}") = "Attributes", "Attributes\Attributes.csproj", "{83B13929-E0C6-4565-846D-20A2C4408763}"
EndProject
Project("{FAE04EC0-301F-11D3-BF4B-00C04F79EFBC}") = "Reflection", "Reflection\Reflection.csproj", "{34A803D3-B96C-45A8-8C62-D5AF1436EBBA}"
EndProject
Project("{FAE04EC0-301F-11D3-BF4B-00C04F79EFBC}") = "Properties", "Properties\Properties.csproj", "{F1EFD39D-4273-4362-9FD1-92DF01F050C2}"
EndProject
Project("{FAE04EC0-301F-11D3-BF4B-00C04F79EFBC}") = "Indexers", "Indexers\Indexers.csproj", "{D70EBACC-9141-4D54-8EA2-07BD3941ECFA}"
EndProject
Project("{FAE04EC0-301F-11D3-BF4B-00C04F79EFBC}") = "Delegates", "Delegates\Delegates.csproj", "{765044F5-C8FA-42EF-8D68-ADA908E01FB4}"
EndProject
Project("{FAE04EC0-301F-11D3-BF4B-00C04F79EFBC}") = "Events", "Events\Events.csproj", "{4DB20B08-24C7-4088-8256-198EF683B464}"
EndProject
Project("{FAE04EC0-301F-11D3-BF4B-00C04F79EFBC}") = "Generics", "Generics\Generics.csproj", "{07E48B08-38D5-4683-9EAB-04ED89996901}"
EndProject
Project("{FAE04EC0-301F-11D3-BF4B-00C04F79EFBC}") = "AnonymousMethod", "AnonymousMethod\AnonymousMethod.csproj", "{4381A5B7-2207-4916-86B8-1D634CDBE168}"
EndProject
Project("{FAE04EC0-301F-11D3-BF4B-00C04F79EFBC}") = "UnsafeCode", "UnsafeCode\UnsafeCode.csproj", "{B355EC07-68A7-4657-8C27-236E9CB95CD2}"
EndProject
Project("{2150E333-8FDC-42A3-9474-1A3956D46DE8}") = "Solution", "Solution", "{232CF3F9-C64E-4D1C-AC51-F81893D3968D}"
	ProjectSection(SolutionItems) = preProject
		C Sharp Interactive.pdf = C Sharp Interactive.pdf
		csharp-interactives.txt = csharp-interactives.txt
	EndProjectSection
EndProject
Global
	GlobalSection(SolutionConfigurationPlatforms) = preSolution
		Debug|Any CPU = Debug|Any CPU
		Debug|x64 = Debug|x64
		Debug|x86 = Debug|x86
		Release|Any CPU = Release|Any CPU
		Release|x64 = Release|x64
		Release|x86 = Release|x86
	EndGlobalSection
	GlobalSection(ProjectConfigurationPlatforms) = postSolution
		{CEBD72F6-BC34-4FDB-AC68-73978BCFE41C}.Debug|Any CPU.ActiveCfg = Debug|Any CPU
		{CEBD72F6-BC34-4FDB-AC68-73978BCFE41C}.Debug|Any CPU.Build.0 = Debug|Any CPU
		{CEBD72F6-BC34-4FDB-AC68-73978BCFE41C}.Debug|x64.ActiveCfg = Debug|x64
		{CEBD72F6-BC34-4FDB-AC68-73978BCFE41C}.Debug|x64.Build.0 = Debug|x64
		{CEBD72F6-BC34-4FDB-AC68-73978BCFE41C}.Debug|x86.ActiveCfg = Debug|x86
		{CEBD72F6-BC34-4FDB-AC68-73978BCFE41C}.Debug|x86.Build.0 = Debug|x86
		{CEBD72F6-BC34-4FDB-AC68-73978BCFE41C}.Release|Any CPU.ActiveCfg = Release|Any CPU
		{CEBD72F6-BC34-4FDB-AC68-73978BCFE41C}.Release|Any CPU.Build.0 = Release|Any CPU
		{CEBD72F6-BC34-4FDB-AC68-73978BCFE41C}.Release|x64.ActiveCfg = Release|x64
		{CEBD72F6-BC34-4FDB-AC68-73978BCFE41C}.Release|x64.Build.0 = Release|x64
		{CEBD72F6-BC34-4FDB-AC68-73978BCFE41C}.Release|x86.ActiveCfg = Release|x86
		{CEBD72F6-BC34-4FDB-AC68-73978BCFE41C}.Release|x86.Build.0 = Release|x86
		{E60DCA52-821F-48F6-AA77-35A047858C4F}.Debug|Any CPU.ActiveCfg = Debug|Any CPU
		{E60DCA52-821F-48F6-AA77-35A047858C4F}.Debug|Any CPU.Build.0 = Debug|Any CPU
		{E60DCA52-821F-48F6-AA77-35A047858C4F}.Debug|x64.ActiveCfg = Debug|x64
		{E60DCA52-821F-48F6-AA77-35A047858C4F}.Debug|x64.Build.0 = Debug|x64
		{E60DCA52-821F-48F6-AA77-35A047858C4F}.Debug|x86.ActiveCfg = Debug|x86
		{E60DCA52-821F-48F6-AA77-35A047858C4F}.Debug|x86.Build.0 = Debug|x86
		{E60DCA52-821F-48F6-AA77-35A047858C4F}.Release|Any CPU.ActiveCfg = Release|Any CPU
		{E60DCA52-821F-48F6-AA77-35A047858C4F}.Release|Any CPU.Build.0 = Release|Any CPU
		{E60DCA52-821F-48F6-AA77-35A047858C4F}.Release|x64.ActiveCfg = Release|x64
		{E60DCA52-821F-48F6-AA77-35A047858C4F}.Release|x64.Build.0 = Release|x64
		{E60DCA52-821F-48F6-AA77-35A047858C4F}.Release|x86.ActiveCfg = Release|x86
		{E60DCA52-821F-48F6-AA77-35A047858C4F}.Release|x86.Build.0 = Release|x86
		{D491AB9E-0972-427E-96F7-CE649E28CB62}.Debug|Any CPU.ActiveCfg = Debug|Any CPU
		{D491AB9E-0972-427E-96F7-CE649E28CB62}.Debug|Any CPU.Build.0 = Debug|Any CPU
		{D491AB9E-0972-427E-96F7-CE649E28CB62}.Debug|x64.ActiveCfg = Debug|x64
		{D491AB9E-0972-427E-96F7-CE649E28CB62}.Debug|x64.Build.0 = Debug|x64
		{D491AB9E-0972-427E-96F7-CE649E28CB62}.Debug|x86.ActiveCfg = Debug|x86
		{D491AB9E-0972-427E-96F7-CE649E28CB62}.Debug|x86.Build.0 = Debug|x86
		{D491AB9E-0972-427E-96F7-CE649E28CB62}.Release|Any CPU.ActiveCfg = Release|Any CPU
		{D491AB9E-0972-427E-96F7-CE649E28CB62}.Release|Any CPU.Build.0 = Release|Any CPU
		{D491AB9E-0972-427E-96F7-CE649E28CB62}.Release|x64.ActiveCfg = Release|x64
		{D491AB9E-0972-427E-96F7-CE649E28CB62}.Release|x64.Build.0 = Release|x64
		{D491AB9E-0972-427E-96F7-CE649E28CB62}.Release|x86.ActiveCfg = Release|x86
		{D491AB9E-0972-427E-96F7-CE649E28CB62}.Release|x86.Build.0 = Release|x86
		{4B3156E4-0709-4682-8FB6-4A4E5FFBF20F}.Debug|Any CPU.ActiveCfg = Debug|Any CPU
		{4B3156E4-0709-4682-8FB6-4A4E5FFBF20F}.Debug|Any CPU.Build.0 = Debug|Any CPU
		{4B3156E4-0709-4682-8FB6-4A4E5FFBF20F}.Debug|x64.ActiveCfg = Debug|x64
		{4B3156E4-0709-4682-8FB6-4A4E5FFBF20F}.Debug|x64.Build.0 = Debug|x64
		{4B3156E4-0709-4682-8FB6-4A4E5FFBF20F}.Debug|x86.ActiveCfg = Debug|x86
		{4B3156E4-0709-4682-8FB6-4A4E5FFBF20F}.Debug|x86.Build.0 = Debug|x86
		{4B3156E4-0709-4682-8FB6-4A4E5FFBF20F}.Release|Any CPU.ActiveCfg = Release|Any CPU
		{4B3156E4-0709-4682-8FB6-4A4E5FFBF20F}.Release|Any CPU.Build.0 = Release|Any CPU
		{4B3156E4-0709-4682-8FB6-4A4E5FFBF20F}.Release|x64.ActiveCfg = Release|x64
		{4B3156E4-0709-4682-8FB6-4A4E5FFBF20F}.Release|x64.Build.0 = Release|x64
		{4B3156E4-0709-4682-8FB6-4A4E5FFBF20F}.Release|x86.ActiveCfg = Release|x86
		{4B3156E4-0709-4682-8FB6-4A4E5FFBF20F}.Release|x86.Build.0 = Release|x86
		{3FC7D33D-8341-4639-AF0D-469973508185}.Debug|Any CPU.ActiveCfg = Debug|Any CPU
		{3FC7D33D-8341-4639-AF0D-469973508185}.Debug|Any CPU.Build.0 = Debug|Any CPU
		{3FC7D33D-8341-4639-AF0D-469973508185}.Debug|x64.ActiveCfg = Debug|x64
		{3FC7D33D-8341-4639-AF0D-469973508185}.Debug|x64.Build.0 = Debug|x64
		{3FC7D33D-8341-4639-AF0D-469973508185}.Debug|x86.ActiveCfg = Debug|x86
		{3FC7D33D-8341-4639-AF0D-469973508185}.Debug|x86.Build.0 = Debug|x86
		{3FC7D33D-8341-4639-AF0D-469973508185}.Release|Any CPU.ActiveCfg = Release|Any CPU
		{3FC7D33D-8341-4639-AF0D-469973508185}.Release|Any CPU.Build.0 = Release|Any CPU
		{3FC7D33D-8341-4639-AF0D-469973508185}.Release|x64.ActiveCfg = Release|x64
		{3FC7D33D-8341-4639-AF0D-469973508185}.Release|x64.Build.0 = Release|x64
		{3FC7D33D-8341-4639-AF0D-469973508185}.Release|x86.ActiveCfg = Release|x86
		{3FC7D33D-8341-4639-AF0D-469973508185}.Release|x86.Build.0 = Release|x86
		{1D84F9B9-8FEB-4576-8303-9D7A5A71C62C}.Debug|Any CPU.ActiveCfg = Debug|Any CPU
		{1D84F9B9-8FEB-4576-8303-9D7A5A71C62C}.Debug|Any CPU.Build.0 = Debug|Any CPU
		{1D84F9B9-8FEB-4576-8303-9D7A5A71C62C}.Debug|x64.ActiveCfg = Debug|x64
		{1D84F9B9-8FEB-4576-8303-9D7A5A71C62C}.Debug|x64.Build.0 = Debug|x64
		{1D84F9B9-8FEB-4576-8303-9D7A5A71C62C}.Debug|x86.ActiveCfg = Debug|x86
		{1D84F9B9-8FEB-4576-8303-9D7A5A71C62C}.Debug|x86.Build.0 = Debug|x86
		{1D84F9B9-8FEB-4576-8303-9D7A5A71C62C}.Release|Any CPU.ActiveCfg = Release|Any CPU
		{1D84F9B9-8FEB-4576-8303-9D7A5A71C62C}.Release|Any CPU.Build.0 = Release|Any CPU
		{1D84F9B9-8FEB-4576-8303-9D7A5A71C62C}.Release|x64.ActiveCfg = Release|x64
		{1D84F9B9-8FEB-4576-8303-9D7A5A71C62C}.Release|x64.Build.0 = Release|x64
		{1D84F9B9-8FEB-4576-8303-9D7A5A71C62C}.Release|x86.ActiveCfg = Release|x86
		{1D84F9B9-8FEB-4576-8303-9D7A5A71C62C}.Release|x86.Build.0 = Release|x86
		{13F8EE8E-5C3A-446C-A8DB-B28FECE6B515}.Debug|Any CPU.ActiveCfg = Debug|Any CPU
		{13F8EE8E-5C3A-446C-A8DB-B28FECE6B515}.Debug|Any CPU.Build.0 = Debug|Any CPU
		{13F8EE8E-5C3A-446C-A8DB-B28FECE6B515}.Debug|x64.ActiveCfg = Debug|x64
		{13F8EE8E-5C3A-446C-A8DB-B28FECE6B515}.Debug|x64.Build.0 = Debug|x64
		{13F8EE8E-5C3A-446C-A8DB-B28FECE6B515}.Debug|x86.ActiveCfg = Debug|x86
		{13F8EE8E-5C3A-446C-A8DB-B28FECE6B515}.Debug|x86.Build.0 = Debug|x86
		{13F8EE8E-5C3A-446C-A8DB-B28FECE6B515}.Release|Any CPU.ActiveCfg = Release|Any CPU
		{13F8EE8E-5C3A-446C-A8DB-B28FECE6B515}.Release|Any CPU.Build.0 = Release|Any CPU
		{13F8EE8E-5C3A-446C-A8DB-B28FECE6B515}.Release|x64.ActiveCfg = Release|x64
		{13F8EE8E-5C3A-446C-A8DB-B28FECE6B515}.Release|x64.Build.0 = Release|x64
		{13F8EE8E-5C3A-446C-A8DB-B28FECE6B515}.Release|x86.ActiveCfg = Release|x86
		{13F8EE8E-5C3A-446C-A8DB-B28FECE6B515}.Release|x86.Build.0 = Release|x86
		{E0DECC7A-85A6-4BAC-98B0-52C45CC0CF99}.Debug|Any CPU.ActiveCfg = Debug|Any CPU
		{E0DECC7A-85A6-4BAC-98B0-52C45CC0CF99}.Debug|Any CPU.Build.0 = Debug|Any CPU
		{E0DECC7A-85A6-4BAC-98B0-52C45CC0CF99}.Debug|x64.ActiveCfg = Debug|x64
		{E0DECC7A-85A6-4BAC-98B0-52C45CC0CF99}.Debug|x64.Build.0 = Debug|x64
		{E0DECC7A-85A6-4BAC-98B0-52C45CC0CF99}.Debug|x86.ActiveCfg = Debug|x86
		{E0DECC7A-85A6-4BAC-98B0-52C45CC0CF99}.Debug|x86.Build.0 = Debug|x86
		{E0DECC7A-85A6-4BAC-98B0-52C45CC0CF99}.Release|Any CPU.ActiveCfg = Release|Any CPU
		{E0DECC7A-85A6-4BAC-98B0-52C45CC0CF99}.Release|Any CPU.Build.0 = Release|Any CPU
		{E0DECC7A-85A6-4BAC-98B0-52C45CC0CF99}.Release|x64.ActiveCfg = Release|x64
		{E0DECC7A-85A6-4BAC-98B0-52C45CC0CF99}.Release|x64.Build.0 = Release|x64
		{E0DECC7A-85A6-4BAC-98B0-52C45CC0CF99}.Release|x86.ActiveCfg = Release|x86
		{E0DECC7A-85A6-4BAC-98B0-52C45CC0CF99}.Release|x86.Build.0 = Release|x86
		{0C064740-F38E-46E7-9393-074E42044FFE}.Debug|Any CPU.ActiveCfg = Debug|Any CPU
		{0C064740-F38E-46E7-9393-074E42044FFE}.Debug|Any CPU.Build.0 = Debug|Any CPU
		{0C064740-F38E-46E7-9393-074E42044FFE}.Debug|x64.ActiveCfg = Debug|x64
		{0C064740-F38E-46E7-9393-074E42044FFE}.Debug|x64.Build.0 = Debug|x64
		{0C064740-F38E-46E7-9393-074E42044FFE}.Debug|x86.ActiveCfg = Debug|x86
		{0C064740-F38E-46E7-9393-074E42044FFE}.Debug|x86.Build.0 = Debug|x86
		{0C064740-F38E-46E7-9393-074E42044FFE}.Release|Any CPU.ActiveCfg = Release|Any CPU
		{0C064740-F38E-46E7-9393-074E42044FFE}.Release|Any CPU.Build.0 = Release|Any CPU
		{0C064740-F38E-46E7-9393-074E42044FFE}.Release|x64.ActiveCfg = Release|x64
		{0C064740-F38E-46E7-9393-074E42044FFE}.Release|x64.Build.0 = Release|x64
		{0C064740-F38E-46E7-9393-074E42044FFE}.Release|x86.ActiveCfg = Release|x86
		{0C064740-F38E-46E7-9393-074E42044FFE}.Release|x86.Build.0 = Release|x86
		{04DB9E85-E0BE-427B-9B83-C89CB4E9131E}.Debug|Any CPU.ActiveCfg = Debug|Any CPU
		{04DB9E85-E0BE-427B-9B83-C89CB4E9131E}.Debug|Any CPU.Build.0 = Debug|Any CPU
		{04DB9E85-E0BE-427B-9B83-C89CB4E9131E}.Debug|x64.ActiveCfg = Debug|x64
		{04DB9E85-E0BE-427B-9B83-C89CB4E9131E}.Debug|x64.Build.0 = Debug|x64
		{04DB9E85-E0BE-427B-9B83-C89CB4E9131E}.Debug|x86.ActiveCfg = Debug|x86
		{04DB9E85-E0BE-427B-9B83-C89CB4E9131E}.Debug|x86.Build.0 = Debug|x86
		{04DB9E85-E0BE-427B-9B83-C89CB4E9131E}.Release|Any CPU.ActiveCfg = Release|Any CPU
		{04DB9E85-E0BE-427B-9B83-C89CB4E9131E}.Release|Any CPU.Build.0 = Release|Any CPU
		{04DB9E85-E0BE-427B-9B83-C89CB4E9131E}.Release|x64.ActiveCfg = Release|x64
		{04DB9E85-E0BE-427B-9B83-C89CB4E9131E}.Release|x64.Build.0 = Release|x64
		{04DB9E85-E0BE-427B-9B83-C89CB4E9131E}.Release|x86.ActiveCfg = Release|x86
		{04DB9E85-E0BE-427B-9B83-C89CB4E9131E}.Release|x86.Build.0 = Release|x86
		{2F7FBEC4-A47C-47FD-AC03-8EC0425B2DDA}.Debug|Any CPU.ActiveCfg = Debug|Any CPU
		{2F7FBEC4-A47C-47FD-AC03-8EC0425B2DDA}.Debug|Any CPU.Build.0 = Debug|Any CPU
		{2F7FBEC4-A47C-47FD-AC03-8EC0425B2DDA}.Debug|x64.ActiveCfg = Debug|x64
		{2F7FBEC4-A47C-47FD-AC03-8EC0425B2DDA}.Debug|x64.Build.0 = Debug|x64
		{2F7FBEC4-A47C-47FD-AC03-8EC0425B2DDA}.Debug|x86.ActiveCfg = Debug|x86
		{2F7FBEC4-A47C-47FD-AC03-8EC0425B2DDA}.Debug|x86.Build.0 = Debug|x86
		{2F7FBEC4-A47C-47FD-AC03-8EC0425B2DDA}.Release|Any CPU.ActiveCfg = Release|Any CPU
		{2F7FBEC4-A47C-47FD-AC03-8EC0425B2DDA}.Release|Any CPU.Build.0 = Release|Any CPU
		{2F7FBEC4-A47C-47FD-AC03-8EC0425B2DDA}.Release|x64.ActiveCfg = Release|x64
		{2F7FBEC4-A47C-47FD-AC03-8EC0425B2DDA}.Release|x64.Build.0 = Release|x64
		{2F7FBEC4-A47C-47FD-AC03-8EC0425B2DDA}.Release|x86.ActiveCfg = Release|x86
		{2F7FBEC4-A47C-47FD-AC03-8EC0425B2DDA}.Release|x86.Build.0 = Release|x86
		{7FEFC1CC-4455-4257-BCD1-1C0F9185C433}.Debug|Any CPU.ActiveCfg = Debug|Any CPU
		{7FEFC1CC-4455-4257-BCD1-1C0F9185C433}.Debug|Any CPU.Build.0 = Debug|Any CPU
		{7FEFC1CC-4455-4257-BCD1-1C0F9185C433}.Debug|x64.ActiveCfg = Debug|x64
		{7FEFC1CC-4455-4257-BCD1-1C0F9185C433}.Debug|x64.Build.0 = Debug|x64
		{7FEFC1CC-4455-4257-BCD1-1C0F9185C433}.Debug|x86.ActiveCfg = Debug|x86
		{7FEFC1CC-4455-4257-BCD1-1C0F9185C433}.Debug|x86.Build.0 = Debug|x86
		{7FEFC1CC-4455-4257-BCD1-1C0F9185C433}.Release|Any CPU.ActiveCfg = Release|Any CPU
		{7FEFC1CC-4455-4257-BCD1-1C0F9185C433}.Release|Any CPU.Build.0 = Release|Any CPU
		{7FEFC1CC-4455-4257-BCD1-1C0F9185C433}.Release|x64.ActiveCfg = Release|x64
		{7FEFC1CC-4455-4257-BCD1-1C0F9185C433}.Release|x64.Build.0 = Release|x64
		{7FEFC1CC-4455-4257-BCD1-1C0F9185C433}.Release|x86.ActiveCfg = Release|x86
		{7FEFC1CC-4455-4257-BCD1-1C0F9185C433}.Release|x86.Build.0 = Release|x86
		{2C2ACF1A-6902-47E8-9CD6-379454746B34}.Debug|Any CPU.ActiveCfg = Debug|Any CPU
		{2C2ACF1A-6902-47E8-9CD6-379454746B34}.Debug|Any CPU.Build.0 = Debug|Any CPU
		{2C2ACF1A-6902-47E8-9CD6-379454746B34}.Debug|x64.ActiveCfg = Debug|x64
		{2C2ACF1A-6902-47E8-9CD6-379454746B34}.Debug|x64.Build.0 = Debug|x64
		{2C2ACF1A-6902-47E8-9CD6-379454746B34}.Debug|x86.ActiveCfg = Debug|x86
		{2C2ACF1A-6902-47E8-9CD6-379454746B34}.Debug|x86.Build.0 = Debug|x86
		{2C2ACF1A-6902-47E8-9CD6-379454746B34}.Release|Any CPU.ActiveCfg = Release|Any CPU
		{2C2ACF1A-6902-47E8-9CD6-379454746B34}.Release|Any CPU.Build.0 = Release|Any CPU
		{2C2ACF1A-6902-47E8-9CD6-379454746B34}.Release|x64.ActiveCfg = Release|x64
		{2C2ACF1A-6902-47E8-9CD6-379454746B34}.Release|x64.Build.0 = Release|x64
		{2C2ACF1A-6902-47E8-9CD6-379454746B34}.Release|x86.ActiveCfg = Release|x86
		{2C2ACF1A-6902-47E8-9CD6-379454746B34}.Release|x86.Build.0 = Release|x86
		{998338EE-73D8-4EF0-8B6C-03FDAC490B0C}.Debug|Any CPU.ActiveCfg = Debug|Any CPU
		{998338EE-73D8-4EF0-8B6C-03FDAC490B0C}.Debug|Any CPU.Build.0 = Debug|Any CPU
		{998338EE-73D8-4EF0-8B6C-03FDAC490B0C}.Debug|x64.ActiveCfg = Debug|x64
		{998338EE-73D8-4EF0-8B6C-03FDAC490B0C}.Debug|x64.Build.0 = Debug|x64
		{998338EE-73D8-4EF0-8B6C-03FDAC490B0C}.Debug|x86.ActiveCfg = Debug|x86
		{998338EE-73D8-4EF0-8B6C-03FDAC490B0C}.Debug|x86.Build.0 = Debug|x86
		{998338EE-73D8-4EF0-8B6C-03FDAC490B0C}.Release|Any CPU.ActiveCfg = Release|Any CPU
		{998338EE-73D8-4EF0-8B6C-03FDAC490B0C}.Release|Any CPU.Build.0 = Release|Any CPU
		{998338EE-73D8-4EF0-8B6C-03FDAC490B0C}.Release|x64.ActiveCfg = Release|x64
		{998338EE-73D8-4EF0-8B6C-03FDAC490B0C}.Release|x64.Build.0 = Release|x64
		{998338EE-73D8-4EF0-8B6C-03FDAC490B0C}.Release|x86.ActiveCfg = Release|x86
		{998338EE-73D8-4EF0-8B6C-03FDAC490B0C}.Release|x86.Build.0 = Release|x86
		{243635C3-E123-4114-BD21-575DD1CA726B}.Debug|Any CPU.ActiveCfg = Debug|Any CPU
		{243635C3-E123-4114-BD21-575DD1CA726B}.Debug|Any CPU.Build.0 = Debug|Any CPU
		{243635C3-E123-4114-BD21-575DD1CA726B}.Debug|x64.ActiveCfg = Debug|x64
		{243635C3-E123-4114-BD21-575DD1CA726B}.Debug|x64.Build.0 = Debug|x64
		{243635C3-E123-4114-BD21-575DD1CA726B}.Debug|x86.ActiveCfg = Debug|x86
		{243635C3-E123-4114-BD21-575DD1CA726B}.Debug|x86.Build.0 = Debug|x86
		{243635C3-E123-4114-BD21-575DD1CA726B}.Release|Any CPU.ActiveCfg = Release|Any CPU
		{243635C3-E123-4114-BD21-575DD1CA726B}.Release|Any CPU.Build.0 = Release|Any CPU
		{243635C3-E123-4114-BD21-575DD1CA726B}.Release|x64.ActiveCfg = Release|x64
		{243635C3-E123-4114-BD21-575DD1CA726B}.Release|x64.Build.0 = Release|x64
		{243635C3-E123-4114-BD21-575DD1CA726B}.Release|x86.ActiveCfg = Release|x86
		{243635C3-E123-4114-BD21-575DD1CA726B}.Release|x86.Build.0 = Release|x86
		{8E28617D-A5D7-454A-B879-04E39577B637}.Debug|Any CPU.ActiveCfg = Debug|Any CPU
		{8E28617D-A5D7-454A-B879-04E39577B637}.Debug|Any CPU.Build.0 = Debug|Any CPU
		{8E28617D-A5D7-454A-B879-04E39577B637}.Debug|x64.ActiveCfg = Debug|x64
		{8E28617D-A5D7-454A-B879-04E39577B637}.Debug|x64.Build.0 = Debug|x64
		{8E28617D-A5D7-454A-B879-04E39577B637}.Debug|x86.ActiveCfg = Debug|x86
		{8E28617D-A5D7-454A-B879-04E39577B637}.Debug|x86.Build.0 = Debug|x86
		{8E28617D-A5D7-454A-B879-04E39577B637}.Release|Any CPU.ActiveCfg = Release|Any CPU
		{8E28617D-A5D7-454A-B879-04E39577B637}.Release|Any CPU.Build.0 = Release|Any CPU
		{8E28617D-A5D7-454A-B879-04E39577B637}.Release|x64.ActiveCfg = Release|x64
		{8E28617D-A5D7-454A-B879-04E39577B637}.Release|x64.Build.0 = Release|x64
		{8E28617D-A5D7-454A-B879-04E39577B637}.Release|x86.ActiveCfg = Release|x86
		{8E28617D-A5D7-454A-B879-04E39577B637}.Release|x86.Build.0 = Release|x86
		{55E5CBC5-8D43-4B08-9E4C-BD011ABF61F3}.Debug|Any CPU.ActiveCfg = Debug|Any CPU
		{55E5CBC5-8D43-4B08-9E4C-BD011ABF61F3}.Debug|Any CPU.Build.0 = Debug|Any CPU
		{55E5CBC5-8D43-4B08-9E4C-BD011ABF61F3}.Debug|x64.ActiveCfg = Debug|x64
		{55E5CBC5-8D43-4B08-9E4C-BD011ABF61F3}.Debug|x64.Build.0 = Debug|x64
		{55E5CBC5-8D43-4B08-9E4C-BD011ABF61F3}.Debug|x86.ActiveCfg = Debug|x86
		{55E5CBC5-8D43-4B08-9E4C-BD011ABF61F3}.Debug|x86.Build.0 = Debug|x86
		{55E5CBC5-8D43-4B08-9E4C-BD011ABF61F3}.Release|Any CPU.ActiveCfg = Release|Any CPU
		{55E5CBC5-8D43-4B08-9E4C-BD011ABF61F3}.Release|Any CPU.Build.0 = Release|Any CPU
		{55E5CBC5-8D43-4B08-9E4C-BD011ABF61F3}.Release|x64.ActiveCfg = Release|x64
		{55E5CBC5-8D43-4B08-9E4C-BD011ABF61F3}.Release|x64.Build.0 = Release|x64
		{55E5CBC5-8D43-4B08-9E4C-BD011ABF61F3}.Release|x86.ActiveCfg = Release|x86
		{55E5CBC5-8D43-4B08-9E4C-BD011ABF61F3}.Release|x86.Build.0 = Release|x86
		{2924EEEA-96B9-442A-9FE8-DE7EFBFAF925}.Debug|Any CPU.ActiveCfg = Debug|Any CPU
		{2924EEEA-96B9-442A-9FE8-DE7EFBFAF925}.Debug|Any CPU.Build.0 = Debug|Any CPU
		{2924EEEA-96B9-442A-9FE8-DE7EFBFAF925}.Debug|x64.ActiveCfg = Debug|x64
		{2924EEEA-96B9-442A-9FE8-DE7EFBFAF925}.Debug|x64.Build.0 = Debug|x64
		{2924EEEA-96B9-442A-9FE8-DE7EFBFAF925}.Debug|x86.ActiveCfg = Debug|x86
		{2924EEEA-96B9-442A-9FE8-DE7EFBFAF925}.Debug|x86.Build.0 = Debug|x86
		{2924EEEA-96B9-442A-9FE8-DE7EFBFAF925}.Release|Any CPU.ActiveCfg = Release|Any CPU
		{2924EEEA-96B9-442A-9FE8-DE7EFBFAF925}.Release|Any CPU.Build.0 = Release|Any CPU
		{2924EEEA-96B9-442A-9FE8-DE7EFBFAF925}.Release|x64.ActiveCfg = Release|x64
		{2924EEEA-96B9-442A-9FE8-DE7EFBFAF925}.Release|x64.Build.0 = Release|x64
		{2924EEEA-96B9-442A-9FE8-DE7EFBFAF925}.Release|x86.ActiveCfg = Release|x86
		{2924EEEA-96B9-442A-9FE8-DE7EFBFAF925}.Release|x86.Build.0 = Release|x86
		{8EF2B534-1165-493F-B27E-397DF24FA907}.Debug|Any CPU.ActiveCfg = Debug|Any CPU
		{8EF2B534-1165-493F-B27E-397DF24FA907}.Debug|Any CPU.Build.0 = Debug|Any CPU
		{8EF2B534-1165-493F-B27E-397DF24FA907}.Debug|x64.ActiveCfg = Debug|x64
		{8EF2B534-1165-493F-B27E-397DF24FA907}.Debug|x64.Build.0 = Debug|x64
		{8EF2B534-1165-493F-B27E-397DF24FA907}.Debug|x86.ActiveCfg = Debug|x86
		{8EF2B534-1165-493F-B27E-397DF24FA907}.Debug|x86.Build.0 = Debug|x86
		{8EF2B534-1165-493F-B27E-397DF24FA907}.Release|Any CPU.ActiveCfg = Release|Any CPU
		{8EF2B534-1165-493F-B27E-397DF24FA907}.Release|Any CPU.Build.0 = Release|Any CPU
		{8EF2B534-1165-493F-B27E-397DF24FA907}.Release|x64.ActiveCfg = Release|x64
		{8EF2B534-1165-493F-B27E-397DF24FA907}.Release|x64.Build.0 = Release|x64
		{8EF2B534-1165-493F-B27E-397DF24FA907}.Release|x86.ActiveCfg = Release|x86
		{8EF2B534-1165-493F-B27E-397DF24FA907}.Release|x86.Build.0 = Release|x86
		{2C71DBAC-25C6-40EC-B89C-3C65D9CB15BC}.Debug|Any CPU.ActiveCfg = Debug|Any CPU
		{2C71DBAC-25C6-40EC-B89C-3C65D9CB15BC}.Debug|Any CPU.Build.0 = Debug|Any CPU
		{2C71DBAC-25C6-40EC-B89C-3C65D9CB15BC}.Debug|x64.ActiveCfg = Debug|x64
		{2C71DBAC-25C6-40EC-B89C-3C65D9CB15BC}.Debug|x64.Build.0 = Debug|x64
		{2C71DBAC-25C6-40EC-B89C-3C65D9CB15BC}.Debug|x86.ActiveCfg = Debug|x86
		{2C71DBAC-25C6-40EC-B89C-3C65D9CB15BC}.Debug|x86.Build.0 = Debug|x86
		{2C71DBAC-25C6-40EC-B89C-3C65D9CB15BC}.Release|Any CPU.ActiveCfg = Release|Any CPU
		{2C71DBAC-25C6-40EC-B89C-3C65D9CB15BC}.Release|Any CPU.Build.0 = Release|Any CPU
		{2C71DBAC-25C6-40EC-B89C-3C65D9CB15BC}.Release|x64.ActiveCfg = Release|x64
		{2C71DBAC-25C6-40EC-B89C-3C65D9CB15BC}.Release|x64.Build.0 = Release|x64
		{2C71DBAC-25C6-40EC-B89C-3C65D9CB15BC}.Release|x86.ActiveCfg = Release|x86
		{2C71DBAC-25C6-40EC-B89C-3C65D9CB15BC}.Release|x86.Build.0 = Release|x86
		{3BBECD9A-985C-4057-B412-8B16C431DF0F}.Debug|Any CPU.ActiveCfg = Debug|Any CPU
		{3BBECD9A-985C-4057-B412-8B16C431DF0F}.Debug|Any CPU.Build.0 = Debug|Any CPU
		{3BBECD9A-985C-4057-B412-8B16C431DF0F}.Debug|x64.ActiveCfg = Debug|x64
		{3BBECD9A-985C-4057-B412-8B16C431DF0F}.Debug|x64.Build.0 = Debug|x64
		{3BBECD9A-985C-4057-B412-8B16C431DF0F}.Debug|x86.ActiveCfg = Debug|x86
		{3BBECD9A-985C-4057-B412-8B16C431DF0F}.Debug|x86.Build.0 = Debug|x86
		{3BBECD9A-985C-4057-B412-8B16C431DF0F}.Release|Any CPU.ActiveCfg = Release|Any CPU
		{3BBECD9A-985C-4057-B412-8B16C431DF0F}.Release|Any CPU.Build.0 = Release|Any CPU
		{3BBECD9A-985C-4057-B412-8B16C431DF0F}.Release|x64.ActiveCfg = Release|x64
		{3BBECD9A-985C-4057-B412-8B16C431DF0F}.Release|x64.Build.0 = Release|x64
		{3BBECD9A-985C-4057-B412-8B16C431DF0F}.Release|x86.ActiveCfg = Release|x86
		{3BBECD9A-985C-4057-B412-8B16C431DF0F}.Release|x86.Build.0 = Release|x86
		{E360CE5C-D07A-4536-BB1D-B75EE60C7C08}.Debug|Any CPU.ActiveCfg = Debug|Any CPU
		{E360CE5C-D07A-4536-BB1D-B75EE60C7C08}.Debug|Any CPU.Build.0 = Debug|Any CPU
		{E360CE5C-D07A-4536-BB1D-B75EE60C7C08}.Debug|x64.ActiveCfg = Debug|x64
		{E360CE5C-D07A-4536-BB1D-B75EE60C7C08}.Debug|x64.Build.0 = Debug|x64
		{E360CE5C-D07A-4536-BB1D-B75EE60C7C08}.Debug|x86.ActiveCfg = Debug|x86
		{E360CE5C-D07A-4536-BB1D-B75EE60C7C08}.Debug|x86.Build.0 = Debug|x86
		{E360CE5C-D07A-4536-BB1D-B75EE60C7C08}.Release|Any CPU.ActiveCfg = Release|Any CPU
		{E360CE5C-D07A-4536-BB1D-B75EE60C7C08}.Release|Any CPU.Build.0 = Release|Any CPU
		{E360CE5C-D07A-4536-BB1D-B75EE60C7C08}.Release|x64.ActiveCfg = Release|x64
		{E360CE5C-D07A-4536-BB1D-B75EE60C7C08}.Release|x64.Build.0 = Release|x64
		{E360CE5C-D07A-4536-BB1D-B75EE60C7C08}.Release|x86.ActiveCfg = Release|x86
		{E360CE5C-D07A-4536-BB1D-B75EE60C7C08}.Release|x86.Build.0 = Release|x86
		{7B4F3C64-5985-4E23-89D9-628D7364151C}.Debug|Any CPU.ActiveCfg = Debug|Any CPU
		{7B4F3C64-5985-4E23-89D9-628D7364151C}.Debug|Any CPU.Build.0 = Debug|Any CPU
		{7B4F3C64-5985-4E23-89D9-628D7364151C}.Debug|x64.ActiveCfg = Debug|x64
		{7B4F3C64-5985-4E23-89D9-628D7364151C}.Debug|x64.Build.0 = Debug|x64
		{7B4F3C64-5985-4E23-89D9-628D7364151C}.Debug|x86.ActiveCfg = Debug|x86
		{7B4F3C64-5985-4E23-89D9-628D7364151C}.Debug|x86.Build.0 = Debug|x86
		{7B4F3C64-5985-4E23-89D9-628D7364151C}.Release|Any CPU.ActiveCfg = Release|Any CPU
		{7B4F3C64-5985-4E23-89D9-628D7364151C}.Release|Any CPU.Build.0 = Release|Any CPU
		{7B4F3C64-5985-4E23-89D9-628D7364151C}.Release|x64.ActiveCfg = Release|x64
		{7B4F3C64-5985-4E23-89D9-628D7364151C}.Release|x64.Build.0 = Release|x64
		{7B4F3C64-5985-4E23-89D9-628D7364151C}.Release|x86.ActiveCfg = Release|x86
		{7B4F3C64-5985-4E23-89D9-628D7364151C}.Release|x86.Build.0 = Release|x86
		{CB76B49B-A063-4991-8E80-4162B7A95362}.Debug|Any CPU.ActiveCfg = Debug|Any CPU
		{CB76B49B-A063-4991-8E80-4162B7A95362}.Debug|Any CPU.Build.0 = Debug|Any CPU
		{CB76B49B-A063-4991-8E80-4162B7A95362}.Debug|x64.ActiveCfg = Debug|x64
		{CB76B49B-A063-4991-8E80-4162B7A95362}.Debug|x64.Build.0 = Debug|x64
		{CB76B49B-A063-4991-8E80-4162B7A95362}.Debug|x86.ActiveCfg = Debug|x86
		{CB76B49B-A063-4991-8E80-4162B7A95362}.Debug|x86.Build.0 = Debug|x86
		{CB76B49B-A063-4991-8E80-4162B7A95362}.Release|Any CPU.ActiveCfg = Release|Any CPU
		{CB76B49B-A063-4991-8E80-4162B7A95362}.Release|Any CPU.Build.0 = Release|Any CPU
		{CB76B49B-A063-4991-8E80-4162B7A95362}.Release|x64.ActiveCfg = Release|x64
		{CB76B49B-A063-4991-8E80-4162B7A95362}.Release|x64.Build.0 = Release|x64
		{CB76B49B-A063-4991-8E80-4162B7A95362}.Release|x86.ActiveCfg = Release|x86
		{CB76B49B-A063-4991-8E80-4162B7A95362}.Release|x86.Build.0 = Release|x86
		{06EA122B-C9E8-4154-8FD2-23EE0FA8B351}.Debug|Any CPU.ActiveCfg = Debug|Any CPU
		{06EA122B-C9E8-4154-8FD2-23EE0FA8B351}.Debug|Any CPU.Build.0 = Debug|Any CPU
		{06EA122B-C9E8-4154-8FD2-23EE0FA8B351}.Debug|x64.ActiveCfg = Debug|x64
		{06EA122B-C9E8-4154-8FD2-23EE0FA8B351}.Debug|x64.Build.0 = Debug|x64
		{06EA122B-C9E8-4154-8FD2-23EE0FA8B351}.Debug|x86.ActiveCfg = Debug|x86
		{06EA122B-C9E8-4154-8FD2-23EE0FA8B351}.Debug|x86.Build.0 = Debug|x86
		{06EA122B-C9E8-4154-8FD2-23EE0FA8B351}.Release|Any CPU.ActiveCfg = Release|Any CPU
		{06EA122B-C9E8-4154-8FD2-23EE0FA8B351}.Release|Any CPU.Build.0 = Release|Any CPU
		{06EA122B-C9E8-4154-8FD2-23EE0FA8B351}.Release|x64.ActiveCfg = Release|x64
		{06EA122B-C9E8-4154-8FD2-23EE0FA8B351}.Release|x64.Build.0 = Release|x64
		{06EA122B-C9E8-4154-8FD2-23EE0FA8B351}.Release|x86.ActiveCfg = Release|x86
		{06EA122B-C9E8-4154-8FD2-23EE0FA8B351}.Release|x86.Build.0 = Release|x86
		{70803965-A98D-4DEC-A890-393DCA4CD393}.Debug|Any CPU.ActiveCfg = Debug|Any CPU
		{70803965-A98D-4DEC-A890-393DCA4CD393}.Debug|Any CPU.Build.0 = Debug|Any CPU
		{70803965-A98D-4DEC-A890-393DCA4CD393}.Debug|x64.ActiveCfg = Debug|x64
		{70803965-A98D-4DEC-A890-393DCA4CD393}.Debug|x64.Build.0 = Debug|x64
		{70803965-A98D-4DEC-A890-393DCA4CD393}.Debug|x86.ActiveCfg = Debug|x86
		{70803965-A98D-4DEC-A890-393DCA4CD393}.Debug|x86.Build.0 = Debug|x86
		{70803965-A98D-4DEC-A890-393DCA4CD393}.Release|Any CPU.ActiveCfg = Release|Any CPU
		{70803965-A98D-4DEC-A890-393DCA4CD393}.Release|Any CPU.Build.0 = Release|Any CPU
		{70803965-A98D-4DEC-A890-393DCA4CD393}.Release|x64.ActiveCfg = Release|x64
		{70803965-A98D-4DEC-A890-393DCA4CD393}.Release|x64.Build.0 = Release|x64
		{70803965-A98D-4DEC-A890-393DCA4CD393}.Release|x86.ActiveCfg = Release|x86
		{70803965-A98D-4DEC-A890-393DCA4CD393}.Release|x86.Build.0 = Release|x86
		{51007A25-A903-47BB-BE52-FD49F9547ED6}.Debug|Any CPU.ActiveCfg = Debug|Any CPU
		{51007A25-A903-47BB-BE52-FD49F9547ED6}.Debug|Any CPU.Build.0 = Debug|Any CPU
		{51007A25-A903-47BB-BE52-FD49F9547ED6}.Debug|x64.ActiveCfg = Debug|x64
		{51007A25-A903-47BB-BE52-FD49F9547ED6}.Debug|x64.Build.0 = Debug|x64
		{51007A25-A903-47BB-BE52-FD49F9547ED6}.Debug|x86.ActiveCfg = Debug|x86
		{51007A25-A903-47BB-BE52-FD49F9547ED6}.Debug|x86.Build.0 = Debug|x86
		{51007A25-A903-47BB-BE52-FD49F9547ED6}.Release|Any CPU.ActiveCfg = Release|Any CPU
		{51007A25-A903-47BB-BE52-FD49F9547ED6}.Release|Any CPU.Build.0 = Release|Any CPU
		{51007A25-A903-47BB-BE52-FD49F9547ED6}.Release|x64.ActiveCfg = Release|x64
		{51007A25-A903-47BB-BE52-FD49F9547ED6}.Release|x64.Build.0 = Release|x64
		{51007A25-A903-47BB-BE52-FD49F9547ED6}.Release|x86.ActiveCfg = Release|x86
		{51007A25-A903-47BB-BE52-FD49F9547ED6}.Release|x86.Build.0 = Release|x86
		{7094F9C5-00C6-4CB7-8FB1-BFF737185181}.Debug|Any CPU.ActiveCfg = Debug|Any CPU
		{7094F9C5-00C6-4CB7-8FB1-BFF737185181}.Debug|Any CPU.Build.0 = Debug|Any CPU
		{7094F9C5-00C6-4CB7-8FB1-BFF737185181}.Debug|x64.ActiveCfg = Debug|x64
		{7094F9C5-00C6-4CB7-8FB1-BFF737185181}.Debug|x64.Build.0 = Debug|x64
		{7094F9C5-00C6-4CB7-8FB1-BFF737185181}.Debug|x86.ActiveCfg = Debug|x86
		{7094F9C5-00C6-4CB7-8FB1-BFF737185181}.Debug|x86.Build.0 = Debug|x86
		{7094F9C5-00C6-4CB7-8FB1-BFF737185181}.Release|Any CPU.ActiveCfg = Release|Any CPU
		{7094F9C5-00C6-4CB7-8FB1-BFF737185181}.Release|Any CPU.Build.0 = Release|Any CPU
		{7094F9C5-00C6-4CB7-8FB1-BFF737185181}.Release|x64.ActiveCfg = Release|x64
		{7094F9C5-00C6-4CB7-8FB1-BFF737185181}.Release|x64.Build.0 = Release|x64
		{7094F9C5-00C6-4CB7-8FB1-BFF737185181}.Release|x86.ActiveCfg = Release|x86
		{7094F9C5-00C6-4CB7-8FB1-BFF737185181}.Release|x86.Build.0 = Release|x86
		{E0312354-6DAF-4610-9BEC-EE19F13ECE79}.Debug|Any CPU.ActiveCfg = Debug|Any CPU
		{E0312354-6DAF-4610-9BEC-EE19F13ECE79}.Debug|Any CPU.Build.0 = Debug|Any CPU
		{E0312354-6DAF-4610-9BEC-EE19F13ECE79}.Debug|x64.ActiveCfg = Debug|x64
		{E0312354-6DAF-4610-9BEC-EE19F13ECE79}.Debug|x64.Build.0 = Debug|x64
		{E0312354-6DAF-4610-9BEC-EE19F13ECE79}.Debug|x86.ActiveCfg = Debug|x86
		{E0312354-6DAF-4610-9BEC-EE19F13ECE79}.Debug|x86.Build.0 = Debug|x86
		{E0312354-6DAF-4610-9BEC-EE19F13ECE79}.Release|Any CPU.ActiveCfg = Release|Any CPU
		{E0312354-6DAF-4610-9BEC-EE19F13ECE79}.Release|Any CPU.Build.0 = Release|Any CPU
		{E0312354-6DAF-4610-9BEC-EE19F13ECE79}.Release|x64.ActiveCfg = Release|x64
		{E0312354-6DAF-4610-9BEC-EE19F13ECE79}.Release|x64.Build.0 = Release|x64
		{E0312354-6DAF-4610-9BEC-EE19F13ECE79}.Release|x86.ActiveCfg = Release|x86
		{E0312354-6DAF-4610-9BEC-EE19F13ECE79}.Release|x86.Build.0 = Release|x86
		{7C96B637-360C-413C-8D94-254741DE3551}.Debug|Any CPU.ActiveCfg = Debug|Any CPU
		{7C96B637-360C-413C-8D94-254741DE3551}.Debug|Any CPU.Build.0 = Debug|Any CPU
		{7C96B637-360C-413C-8D94-254741DE3551}.Debug|x64.ActiveCfg = Debug|x64
		{7C96B637-360C-413C-8D94-254741DE3551}.Debug|x64.Build.0 = Debug|x64
		{7C96B637-360C-413C-8D94-254741DE3551}.Debug|x86.ActiveCfg = Debug|x86
		{7C96B637-360C-413C-8D94-254741DE3551}.Debug|x86.Build.0 = Debug|x86
		{7C96B637-360C-413C-8D94-254741DE3551}.Release|Any CPU.ActiveCfg = Release|Any CPU
		{7C96B637-360C-413C-8D94-254741DE3551}.Release|Any CPU.Build.0 = Release|Any CPU
		{7C96B637-360C-413C-8D94-254741DE3551}.Release|x64.ActiveCfg = Release|x64
		{7C96B637-360C-413C-8D94-254741DE3551}.Release|x64.Build.0 = Release|x64
		{7C96B637-360C-413C-8D94-254741DE3551}.Release|x86.ActiveCfg = Release|x86
		{7C96B637-360C-413C-8D94-254741DE3551}.Release|x86.Build.0 = Release|x86
		{2479D7C5-CC4E-468A-BD29-BD8C48F86505}.Debug|Any CPU.ActiveCfg = Debug|Any CPU
		{2479D7C5-CC4E-468A-BD29-BD8C48F86505}.Debug|Any CPU.Build.0 = Debug|Any CPU
		{2479D7C5-CC4E-468A-BD29-BD8C48F86505}.Debug|x64.ActiveCfg = Debug|x64
		{2479D7C5-CC4E-468A-BD29-BD8C48F86505}.Debug|x64.Build.0 = Debug|x64
		{2479D7C5-CC4E-468A-BD29-BD8C48F86505}.Debug|x86.ActiveCfg = Debug|x86
		{2479D7C5-CC4E-468A-BD29-BD8C48F86505}.Debug|x86.Build.0 = Debug|x86
		{2479D7C5-CC4E-468A-BD29-BD8C48F86505}.Release|Any CPU.ActiveCfg = Release|Any CPU
		{2479D7C5-CC4E-468A-BD29-BD8C48F86505}.Release|Any CPU.Build.0 = Release|Any CPU
		{2479D7C5-CC4E-468A-BD29-BD8C48F86505}.Release|x64.ActiveCfg = Release|x64
		{2479D7C5-CC4E-468A-BD29-BD8C48F86505}.Release|x64.Build.0 = Release|x64
		{2479D7C5-CC4E-468A-BD29-BD8C48F86505}.Release|x86.ActiveCfg = Release|x86
		{2479D7C5-CC4E-468A-BD29-BD8C48F86505}.Release|x86.Build.0 = Release|x86
		{83B13929-E0C6-4565-846D-20A2C4408763}.Debug|Any CPU.ActiveCfg = Debug|Any CPU
		{83B13929-E0C6-4565-846D-20A2C4408763}.Debug|Any CPU.Build.0 = Debug|Any CPU
		{83B13929-E0C6-4565-846D-20A2C4408763}.Debug|x64.ActiveCfg = Debug|Any CPU
		{83B13929-E0C6-4565-846D-20A2C4408763}.Debug|x64.Build.0 = Debug|Any CPU
		{83B13929-E0C6-4565-846D-20A2C4408763}.Debug|x86.ActiveCfg = Debug|Any CPU
		{83B13929-E0C6-4565-846D-20A2C4408763}.Debug|x86.Build.0 = Debug|Any CPU
		{83B13929-E0C6-4565-846D-20A2C4408763}.Release|Any CPU.ActiveCfg = Release|Any CPU
		{83B13929-E0C6-4565-846D-20A2C4408763}.Release|Any CPU.Build.0 = Release|Any CPU
		{83B13929-E0C6-4565-846D-20A2C4408763}.Release|x64.ActiveCfg = Release|Any CPU
		{83B13929-E0C6-4565-846D-20A2C4408763}.Release|x64.Build.0 = Release|Any CPU
		{83B13929-E0C6-4565-846D-20A2C4408763}.Release|x86.ActiveCfg = Release|Any CPU
		{83B13929-E0C6-4565-846D-20A2C4408763}.Release|x86.Build.0 = Release|Any CPU
		{34A803D3-B96C-45A8-8C62-D5AF1436EBBA}.Debug|Any CPU.ActiveCfg = Debug|Any CPU
		{34A803D3-B96C-45A8-8C62-D5AF1436EBBA}.Debug|Any CPU.Build.0 = Debug|Any CPU
		{34A803D3-B96C-45A8-8C62-D5AF1436EBBA}.Debug|x64.ActiveCfg = Debug|Any CPU
		{34A803D3-B96C-45A8-8C62-D5AF1436EBBA}.Debug|x64.Build.0 = Debug|Any CPU
		{34A803D3-B96C-45A8-8C62-D5AF1436EBBA}.Debug|x86.ActiveCfg = Debug|Any CPU
		{34A803D3-B96C-45A8-8C62-D5AF1436EBBA}.Debug|x86.Build.0 = Debug|Any CPU
		{34A803D3-B96C-45A8-8C62-D5AF1436EBBA}.Release|Any CPU.ActiveCfg = Release|Any CPU
		{34A803D3-B96C-45A8-8C62-D5AF1436EBBA}.Release|Any CPU.Build.0 = Release|Any CPU
		{34A803D3-B96C-45A8-8C62-D5AF1436EBBA}.Release|x64.ActiveCfg = Release|Any CPU
		{34A803D3-B96C-45A8-8C62-D5AF1436EBBA}.Release|x64.Build.0 = Release|Any CPU
		{34A803D3-B96C-45A8-8C62-D5AF1436EBBA}.Release|x86.ActiveCfg = Release|Any CPU
		{34A803D3-B96C-45A8-8C62-D5AF1436EBBA}.Release|x86.Build.0 = Release|Any CPU
		{F1EFD39D-4273-4362-9FD1-92DF01F050C2}.Debug|Any CPU.ActiveCfg = Debug|Any CPU
		{F1EFD39D-4273-4362-9FD1-92DF01F050C2}.Debug|Any CPU.Build.0 = Debug|Any CPU
		{F1EFD39D-4273-4362-9FD1-92DF01F050C2}.Debug|x64.ActiveCfg = Debug|Any CPU
		{F1EFD39D-4273-4362-9FD1-92DF01F050C2}.Debug|x64.Build.0 = Debug|Any CPU
		{F1EFD39D-4273-4362-9FD1-92DF01F050C2}.Debug|x86.ActiveCfg = Debug|Any CPU
		{F1EFD39D-4273-4362-9FD1-92DF01F050C2}.Debug|x86.Build.0 = Debug|Any CPU
		{F1EFD39D-4273-4362-9FD1-92DF01F050C2}.Release|Any CPU.ActiveCfg = Release|Any CPU
		{F1EFD39D-4273-4362-9FD1-92DF01F050C2}.Release|Any CPU.Build.0 = Release|Any CPU
		{F1EFD39D-4273-4362-9FD1-92DF01F050C2}.Release|x64.ActiveCfg = Release|Any CPU
		{F1EFD39D-4273-4362-9FD1-92DF01F050C2}.Release|x64.Build.0 = Release|Any CPU
		{F1EFD39D-4273-4362-9FD1-92DF01F050C2}.Release|x86.ActiveCfg = Release|Any CPU
		{F1EFD39D-4273-4362-9FD1-92DF01F050C2}.Release|x86.Build.0 = Release|Any CPU
		{D70EBACC-9141-4D54-8EA2-07BD3941ECFA}.Debug|Any CPU.ActiveCfg = Debug|Any CPU
		{D70EBACC-9141-4D54-8EA2-07BD3941ECFA}.Debug|Any CPU.Build.0 = Debug|Any CPU
		{D70EBACC-9141-4D54-8EA2-07BD3941ECFA}.Debug|x64.ActiveCfg = Debug|Any CPU
		{D70EBACC-9141-4D54-8EA2-07BD3941ECFA}.Debug|x64.Build.0 = Debug|Any CPU
		{D70EBACC-9141-4D54-8EA2-07BD3941ECFA}.Debug|x86.ActiveCfg = Debug|Any CPU
		{D70EBACC-9141-4D54-8EA2-07BD3941ECFA}.Debug|x86.Build.0 = Debug|Any CPU
		{D70EBACC-9141-4D54-8EA2-07BD3941ECFA}.Release|Any CPU.ActiveCfg = Release|Any CPU
		{D70EBACC-9141-4D54-8EA2-07BD3941ECFA}.Release|Any CPU.Build.0 = Release|Any CPU
		{D70EBACC-9141-4D54-8EA2-07BD3941ECFA}.Release|x64.ActiveCfg = Release|Any CPU
		{D70EBACC-9141-4D54-8EA2-07BD3941ECFA}.Release|x64.Build.0 = Release|Any CPU
		{D70EBACC-9141-4D54-8EA2-07BD3941ECFA}.Release|x86.ActiveCfg = Release|Any CPU
		{D70EBACC-9141-4D54-8EA2-07BD3941ECFA}.Release|x86.Build.0 = Release|Any CPU
		{765044F5-C8FA-42EF-8D68-ADA908E01FB4}.Debug|Any CPU.ActiveCfg = Debug|Any CPU
		{765044F5-C8FA-42EF-8D68-ADA908E01FB4}.Debug|Any CPU.Build.0 = Debug|Any CPU
		{765044F5-C8FA-42EF-8D68-ADA908E01FB4}.Debug|x64.ActiveCfg = Debug|Any CPU
		{765044F5-C8FA-42EF-8D68-ADA908E01FB4}.Debug|x64.Build.0 = Debug|Any CPU
		{765044F5-C8FA-42EF-8D68-ADA908E01FB4}.Debug|x86.ActiveCfg = Debug|Any CPU
		{765044F5-C8FA-42EF-8D68-ADA908E01FB4}.Debug|x86.Build.0 = Debug|Any CPU
		{765044F5-C8FA-42EF-8D68-ADA908E01FB4}.Release|Any CPU.ActiveCfg = Release|Any CPU
		{765044F5-C8FA-42EF-8D68-ADA908E01FB4}.Release|Any CPU.Build.0 = Release|Any CPU
		{765044F5-C8FA-42EF-8D68-ADA908E01FB4}.Release|x64.ActiveCfg = Release|Any CPU
		{765044F5-C8FA-42EF-8D68-ADA908E01FB4}.Release|x64.Build.0 = Release|Any CPU
		{765044F5-C8FA-42EF-8D68-ADA908E01FB4}.Release|x86.ActiveCfg = Release|Any CPU
		{765044F5-C8FA-42EF-8D68-ADA908E01FB4}.Release|x86.Build.0 = Release|Any CPU
		{4DB20B08-24C7-4088-8256-198EF683B464}.Debug|Any CPU.ActiveCfg = Debug|Any CPU
		{4DB20B08-24C7-4088-8256-198EF683B464}.Debug|Any CPU.Build.0 = Debug|Any CPU
		{4DB20B08-24C7-4088-8256-198EF683B464}.Debug|x64.ActiveCfg = Debug|Any CPU
		{4DB20B08-24C7-4088-8256-198EF683B464}.Debug|x64.Build.0 = Debug|Any CPU
		{4DB20B08-24C7-4088-8256-198EF683B464}.Debug|x86.ActiveCfg = Debug|Any CPU
		{4DB20B08-24C7-4088-8256-198EF683B464}.Debug|x86.Build.0 = Debug|Any CPU
		{4DB20B08-24C7-4088-8256-198EF683B464}.Release|Any CPU.ActiveCfg = Release|Any CPU
		{4DB20B08-24C7-4088-8256-198EF683B464}.Release|Any CPU.Build.0 = Release|Any CPU
		{4DB20B08-24C7-4088-8256-198EF683B464}.Release|x64.ActiveCfg = Release|Any CPU
		{4DB20B08-24C7-4088-8256-198EF683B464}.Release|x64.Build.0 = Release|Any CPU
		{4DB20B08-24C7-4088-8256-198EF683B464}.Release|x86.ActiveCfg = Release|Any CPU
		{4DB20B08-24C7-4088-8256-198EF683B464}.Release|x86.Build.0 = Release|Any CPU
		{07E48B08-38D5-4683-9EAB-04ED89996901}.Debug|Any CPU.ActiveCfg = Debug|Any CPU
		{07E48B08-38D5-4683-9EAB-04ED89996901}.Debug|Any CPU.Build.0 = Debug|Any CPU
		{07E48B08-38D5-4683-9EAB-04ED89996901}.Debug|x64.ActiveCfg = Debug|Any CPU
		{07E48B08-38D5-4683-9EAB-04ED89996901}.Debug|x64.Build.0 = Debug|Any CPU
		{07E48B08-38D5-4683-9EAB-04ED89996901}.Debug|x86.ActiveCfg = Debug|Any CPU
		{07E48B08-38D5-4683-9EAB-04ED89996901}.Debug|x86.Build.0 = Debug|Any CPU
		{07E48B08-38D5-4683-9EAB-04ED89996901}.Release|Any CPU.ActiveCfg = Release|Any CPU
		{07E48B08-38D5-4683-9EAB-04ED89996901}.Release|Any CPU.Build.0 = Release|Any CPU
		{07E48B08-38D5-4683-9EAB-04ED89996901}.Release|x64.ActiveCfg = Release|Any CPU
		{07E48B08-38D5-4683-9EAB-04ED89996901}.Release|x64.Build.0 = Release|Any CPU
		{07E48B08-38D5-4683-9EAB-04ED89996901}.Release|x86.ActiveCfg = Release|Any CPU
		{07E48B08-38D5-4683-9EAB-04ED89996901}.Release|x86.Build.0 = Release|Any CPU
		{4381A5B7-2207-4916-86B8-1D634CDBE168}.Debug|Any CPU.ActiveCfg = Debug|Any CPU
		{4381A5B7-2207-4916-86B8-1D634CDBE168}.Debug|Any CPU.Build.0 = Debug|Any CPU
		{4381A5B7-2207-4916-86B8-1D634CDBE168}.Debug|x64.ActiveCfg = Debug|Any CPU
		{4381A5B7-2207-4916-86B8-1D634CDBE168}.Debug|x64.Build.0 = Debug|Any CPU
		{4381A5B7-2207-4916-86B8-1D634CDBE168}.Debug|x86.ActiveCfg = Debug|Any CPU
		{4381A5B7-2207-4916-86B8-1D634CDBE168}.Debug|x86.Build.0 = Debug|Any CPU
		{4381A5B7-2207-4916-86B8-1D634CDBE168}.Release|Any CPU.ActiveCfg = Release|Any CPU
		{4381A5B7-2207-4916-86B8-1D634CDBE168}.Release|Any CPU.Build.0 = Release|Any CPU
		{4381A5B7-2207-4916-86B8-1D634CDBE168}.Release|x64.ActiveCfg = Release|Any CPU
		{4381A5B7-2207-4916-86B8-1D634CDBE168}.Release|x64.Build.0 = Release|Any CPU
		{4381A5B7-2207-4916-86B8-1D634CDBE168}.Release|x86.ActiveCfg = Release|Any CPU
		{4381A5B7-2207-4916-86B8-1D634CDBE168}.Release|x86.Build.0 = Release|Any CPU
		{B355EC07-68A7-4657-8C27-236E9CB95CD2}.Debug|Any CPU.ActiveCfg = Debug|Any CPU
		{B355EC07-68A7-4657-8C27-236E9CB95CD2}.Debug|Any CPU.Build.0 = Debug|Any CPU
		{B355EC07-68A7-4657-8C27-236E9CB95CD2}.Debug|x64.ActiveCfg = Debug|Any CPU
		{B355EC07-68A7-4657-8C27-236E9CB95CD2}.Debug|x64.Build.0 = Debug|Any CPU
		{B355EC07-68A7-4657-8C27-236E9CB95CD2}.Debug|x86.ActiveCfg = Debug|Any CPU
		{B355EC07-68A7-4657-8C27-236E9CB95CD2}.Debug|x86.Build.0 = Debug|Any CPU
		{B355EC07-68A7-4657-8C27-236E9CB95CD2}.Release|Any CPU.ActiveCfg = Release|Any CPU
		{B355EC07-68A7-4657-8C27-236E9CB95CD2}.Release|Any CPU.Build.0 = Release|Any CPU
		{B355EC07-68A7-4657-8C27-236E9CB95CD2}.Release|x64.ActiveCfg = Release|Any CPU
		{B355EC07-68A7-4657-8C27-236E9CB95CD2}.Release|x64.Build.0 = Release|Any CPU
		{B355EC07-68A7-4657-8C27-236E9CB95CD2}.Release|x86.ActiveCfg = Release|Any CPU
		{B355EC07-68A7-4657-8C27-236E9CB95CD2}.Release|x86.Build.0 = Release|Any CPU
	EndGlobalSection
	GlobalSection(SolutionProperties) = preSolution
		HideSolutionNode = FALSE
	EndGlobalSection
	GlobalSection(ExtensibilityGlobals) = postSolution
		SolutionGuid = {0CA46BDE-CD5A-4B48-9976-68245C59A77F}
	EndGlobalSection
EndGlobal
