
Microsoft Visual Studio Solution File, Format Version 12.00
# Visual Studio Version 16
VisualStudioVersion = 16.0.36227.6
MinimumVisualStudioVersion = 10.0.40219.1
Project("{2150E333-8FDC-42A3-9474-1A3956D46DE8}") = "Oops", "Oops", "{02EA681E-C7D8-13C7-8484-4AC65E1B71E8}"
EndProject
Project("{9A19103F-16F7-4668-BE54-9A1E7A4F7556}") = "Documents", "Documents\Documents.csproj", "{52195075-42EE-4EE1-B967-9F24EE80CA61}"
EndProject
Project("{9A19103F-16F7-4668-BE54-9A1E7A4F7556}") = "Helper", "Helper\Helper.csproj", "{66F14ACE-930E-47FE-8ECC-1D0F8154FAA7}"
EndProject
Project("{9A19103F-16F7-4668-BE54-9A1E7A4F7556}") = "Includes", "Includes\Includes.csproj", "{41486848-3D58-48F1-B55D-BC146447BCCC}"
EndProject
Global
	GlobalSection(SolutionConfigurationPlatforms) = preSolution
		Debug|Any CPU = Debug|Any CPU
		Release|Any CPU = Release|Any CPU
	EndGlobalSection
	GlobalSection(ProjectConfigurationPlatforms) = postSolution
		{52195075-42EE-4EE1-B967-9F24EE80CA61}.Debug|Any CPU.ActiveCfg = Debug|Any CPU
		{52195075-42EE-4EE1-B967-9F24EE80CA61}.Release|Any CPU.ActiveCfg = Release|Any CPU
		{52195075-42EE-4EE1-B967-9F24EE80CA61}.Release|Any CPU.Build.0 = Release|Any CPU
		{66F14ACE-930E-47FE-8ECC-1D0F8154FAA7}.Debug|Any CPU.ActiveCfg = Debug|Any CPU
		{66F14ACE-930E-47FE-8ECC-1D0F8154FAA7}.Release|Any CPU.ActiveCfg = Release|Any CPU
		{66F14ACE-930E-47FE-8ECC-1D0F8154FAA7}.Release|Any CPU.Build.0 = Release|Any CPU
		{41486848-3D58-48F1-B55D-BC146447BCCC}.Debug|Any CPU.ActiveCfg = Debug|Any CPU
		{41486848-3D58-48F1-B55D-BC146447BCCC}.Release|Any CPU.ActiveCfg = Release|Any CPU
		{41486848-3D58-48F1-B55D-BC146447BCCC}.Release|Any CPU.Build.0 = Release|Any CPU
	EndGlobalSection
	GlobalSection(SolutionProperties) = preSolution
		HideSolutionNode = FALSE
	EndGlobalSection
	GlobalSection(ExtensibilityGlobals) = postSolution
		SolutionGuid = {0CA46BDE-CD5A-4B48-9976-68245C59A77F}
	EndGlobalSection
EndGlobal
