
Microsoft Visual Studio Solution File, Format Version 12.00
# Visual Studio Version 17
VisualStudioVersion = 17.14.36401.2
MinimumVisualStudioVersion = 10.0.40219.1
Project("{2150E333-8FDC-42A3-9474-1A3956D46DE8}") = "Commons", "Commons", "{02EA681E-C7D8-13C7-8484-4AC65E1B71E8}"
EndProject
Project("{FAE04EC0-301F-11D3-BF4B-00C04F79EFBC}") = "Helper", "Helper\Helper.csproj", "{35F4FFF8-F9C2-4A46-BA22-1B0760478DB8}"
EndProject
Project("{FAE04EC0-301F-11D3-BF4B-00C04F79EFBC}") = "Documents", "Documents\Documents.csproj", "{4AADAEA9-3A1C-47C6-8EF5-E05BB0AC5BAB}"
EndProject
Project("{FAE04EC0-301F-11D3-BF4B-00C04F79EFBC}") = "Includes", "Includes\Includes.csproj", "{E15213E2-0998-4660-8CBB-C4C1567565B5}"
EndProject
Project("{FAE04EC0-301F-11D3-BF4B-00C04F79EFBC}") = "Basic", "Commons\Basic\Basic.csproj", "{EABA5D56-3061-4DDF-8849-CA992A22F610}"
EndProject
Project("{FAE04EC0-301F-11D3-BF4B-00C04F79EFBC}") = "Variables", "Commons\Variables\Variables.csproj", "{D4E93E34-BCF7-43E3-8FE3-38E1DA2CBE98}"
EndProject
Project("{FAE04EC0-301F-11D3-BF4B-00C04F79EFBC}") = "TypeCasting", "Commons\TypeCasting\TypeCasting.csproj", "{0A536E2B-5B42-47D1-9680-BFA97549E204}"
EndProject
Project("{FAE04EC0-301F-11D3-BF4B-00C04F79EFBC}") = "DataTypes", "C:\Repositories\VDISK\CSPACE\LearnCSharp\Commons\DataTypes\DataTypes.csproj", "{F494A088-8D2B-857F-4891-A15D19DAB5AB}"
EndProject
Project("{FAE04EC0-301F-11D3-BF4B-00C04F79EFBC}") = "UserInput", "Commons\UserInput\UserInput.csproj", "{EABBF9CE-FB81-4D06-A094-1F2484F0B2EE}"
EndProject
Project("{FAE04EC0-301F-11D3-BF4B-00C04F79EFBC}") = "Operators", "Commons\Operators\Operators.csproj", "{299D5323-0EA3-413E-A90A-11CA996F8EA6}"
EndProject
Project("{FAE04EC0-301F-11D3-BF4B-00C04F79EFBC}") = "ControlStatements", "Commons\ControlStatements\ControlStatements.csproj", "{8FDECE72-03D1-43A3-81D0-9B3BD81DB80D}"
EndProject
Project("{FAE04EC0-301F-11D3-BF4B-00C04F79EFBC}") = "ConditionalStatements", "Commons\ConditionalStatements\ConditionalStatements.csproj", "{05A42367-A75B-4429-BD96-7C5D4C0AD1EA}"
EndProject
Project("{FAE04EC0-301F-11D3-BF4B-00C04F79EFBC}") = "Structures", "C:\Repositories\VDISK\CSPACE\LearnCSharp\Commons\Structures\Structures.csproj", "{A11AC277-FAD6-8A97-37B0-323D21794203}"
EndProject
Project("{FAE04EC0-301F-11D3-BF4B-00C04F79EFBC}") = "Strings", "C:\Repositories\VDISK\CSPACE\LearnCSharp\Commons\Strings\Strings.csproj", "{6E6D3B70-749E-B21A-425A-D6EE0FBC2512}"
EndProject
Project("{FAE04EC0-301F-11D3-BF4B-00C04F79EFBC}") = "Arrays", "C:\Repositories\VDISK\CSPACE\LearnCSharp\Commons\Arrays\Arrays.csproj", "{5AB71346-FB30-385B-1BF8-163CF15AF363}"
EndProject
Project("{FAE04EC0-301F-11D3-BF4B-00C04F79EFBC}") = "Objects", "C:\Repositories\VDISK\CSPACE\LearnCSharp\Commons\Objects\Objects.csproj", "{1327D5EE-9C76-FB15-9B8B-571EE1B79910}"
EndProject
Project("{FAE04EC0-301F-11D3-BF4B-00C04F79EFBC}") = "Inheritance", "C:\Repositories\VDISK\CSPACE\LearnCSharp\Commons\Inheritance\Inheritance.csproj", "{4F6C5438-081F-D783-3729-E7BE60EC6159}"
EndProject
Project("{FAE04EC0-301F-11D3-BF4B-00C04F79EFBC}") = "Polymorphism", "C:\Repositories\VDISK\CSPACE\LearnCSharp\Commons\Polymorphism\Polymorphism.csproj", "{7CD8D627-991A-47F5-261B-FC86782DFB4A}"
EndProject
Project("{FAE04EC0-301F-11D3-BF4B-00C04F79EFBC}") = "OperatorOverloading", "C:\Repositories\VDISK\CSPACE\LearnCSharp\Commons\OperatorOverloading\OperatorOverloading.csproj", "{4180E08A-4FF0-0FC0-0086-66240753F693}"
EndProject
Project("{FAE04EC0-301F-11D3-BF4B-00C04F79EFBC}") = "Interfaces", "C:\Repositories\VDISK\CSPACE\LearnCSharp\Commons\Interfaces\Interfaces.csproj", "{DF676DC3-6D29-5D73-54CC-E7E1AF293FC1}"
EndProject
Project("{FAE04EC0-301F-11D3-BF4B-00C04F79EFBC}") = "Enumerations", "C:\Repositories\VDISK\CSPACE\LearnCSharp\Commons\Enumerations\Enumerations.csproj", "{C8B8FDCE-16CB-4C60-F879-8CF183332763}"
EndProject
Project("{FAE04EC0-301F-11D3-BF4B-00C04F79EFBC}") = "PreprocessorDirectives", "C:\Repositories\VDISK\CSPACE\LearnCSharp\Commons\PreprocessorDirectives\PreprocessorDirectives.csproj", "{F33378E0-2DEE-D957-B495-13EB71D4C69C}"
EndProject
Project("{FAE04EC0-301F-11D3-BF4B-00C04F79EFBC}") = "ExceptionHandling", "C:\Repositories\VDISK\CSPACE\LearnCSharp\Commons\ExceptionHandling\ExceptionHandling.csproj", "{8DF979AD-E838-177C-85FC-42865B6F4815}"
EndProject
Project("{FAE04EC0-301F-11D3-BF4B-00C04F79EFBC}") = "FileIO", "C:\Repositories\VDISK\CSPACE\LearnCSharp\Commons\FileIO\FileIO.csproj", "{01FA9DB5-758F-D4A3-6CC5-C1E5405DBE76}"
EndProject
Project("{FAE04EC0-301F-11D3-BF4B-00C04F79EFBC}") = "Encapsulation", "C:\Repositories\VDISK\CSPACE\LearnCSharp\Commons\Encapsulation\Encapsulation.csproj", "{4F1A4A14-CEA9-BC5F-FF9F-399B397D01B1}"
EndProject
Global
	GlobalSection(SolutionConfigurationPlatforms) = preSolution
		Debug|Any CPU = Debug|Any CPU
		Release|Any CPU = Release|Any CPU
	EndGlobalSection
	GlobalSection(ProjectConfigurationPlatforms) = postSolution
		{35F4FFF8-F9C2-4A46-BA22-1B0760478DB8}.Debug|Any CPU.ActiveCfg = Debug|Any CPU
		{35F4FFF8-F9C2-4A46-BA22-1B0760478DB8}.Release|Any CPU.ActiveCfg = Release|Any CPU
		{35F4FFF8-F9C2-4A46-BA22-1B0760478DB8}.Release|Any CPU.Build.0 = Release|Any CPU
		{4AADAEA9-3A1C-47C6-8EF5-E05BB0AC5BAB}.Debug|Any CPU.ActiveCfg = Debug|Any CPU
		{4AADAEA9-3A1C-47C6-8EF5-E05BB0AC5BAB}.Release|Any CPU.ActiveCfg = Release|Any CPU
		{4AADAEA9-3A1C-47C6-8EF5-E05BB0AC5BAB}.Release|Any CPU.Build.0 = Release|Any CPU
		{E15213E2-0998-4660-8CBB-C4C1567565B5}.Debug|Any CPU.ActiveCfg = Debug|Any CPU
		{E15213E2-0998-4660-8CBB-C4C1567565B5}.Release|Any CPU.ActiveCfg = Release|Any CPU
		{E15213E2-0998-4660-8CBB-C4C1567565B5}.Release|Any CPU.Build.0 = Release|Any CPU
		{EABA5D56-3061-4DDF-8849-CA992A22F610}.Debug|Any CPU.ActiveCfg = Debug|Any CPU
		{EABA5D56-3061-4DDF-8849-CA992A22F610}.Debug|Any CPU.Build.0 = Debug|Any CPU
		{EABA5D56-3061-4DDF-8849-CA992A22F610}.Release|Any CPU.ActiveCfg = Release|Any CPU
		{EABA5D56-3061-4DDF-8849-CA992A22F610}.Release|Any CPU.Build.0 = Release|Any CPU
		{D4E93E34-BCF7-43E3-8FE3-38E1DA2CBE98}.Debug|Any CPU.ActiveCfg = Debug|Any CPU
		{D4E93E34-BCF7-43E3-8FE3-38E1DA2CBE98}.Debug|Any CPU.Build.0 = Debug|Any CPU
		{D4E93E34-BCF7-43E3-8FE3-38E1DA2CBE98}.Release|Any CPU.ActiveCfg = Release|Any CPU
		{D4E93E34-BCF7-43E3-8FE3-38E1DA2CBE98}.Release|Any CPU.Build.0 = Release|Any CPU
		{0A536E2B-5B42-47D1-9680-BFA97549E204}.Debug|Any CPU.ActiveCfg = Debug|Any CPU
		{0A536E2B-5B42-47D1-9680-BFA97549E204}.Debug|Any CPU.Build.0 = Debug|Any CPU
		{0A536E2B-5B42-47D1-9680-BFA97549E204}.Release|Any CPU.ActiveCfg = Release|Any CPU
		{0A536E2B-5B42-47D1-9680-BFA97549E204}.Release|Any CPU.Build.0 = Release|Any CPU
		{F494A088-8D2B-857F-4891-A15D19DAB5AB}.Debug|Any CPU.ActiveCfg = Debug|Any CPU
		{F494A088-8D2B-857F-4891-A15D19DAB5AB}.Debug|Any CPU.Build.0 = Debug|Any CPU
		{F494A088-8D2B-857F-4891-A15D19DAB5AB}.Release|Any CPU.ActiveCfg = Release|Any CPU
		{F494A088-8D2B-857F-4891-A15D19DAB5AB}.Release|Any CPU.Build.0 = Release|Any CPU
		{EABBF9CE-FB81-4D06-A094-1F2484F0B2EE}.Debug|Any CPU.ActiveCfg = Debug|Any CPU
		{EABBF9CE-FB81-4D06-A094-1F2484F0B2EE}.Debug|Any CPU.Build.0 = Debug|Any CPU
		{EABBF9CE-FB81-4D06-A094-1F2484F0B2EE}.Release|Any CPU.ActiveCfg = Release|Any CPU
		{EABBF9CE-FB81-4D06-A094-1F2484F0B2EE}.Release|Any CPU.Build.0 = Release|Any CPU
		{299D5323-0EA3-413E-A90A-11CA996F8EA6}.Debug|Any CPU.ActiveCfg = Debug|Any CPU
		{299D5323-0EA3-413E-A90A-11CA996F8EA6}.Debug|Any CPU.Build.0 = Debug|Any CPU
		{299D5323-0EA3-413E-A90A-11CA996F8EA6}.Release|Any CPU.ActiveCfg = Release|Any CPU
		{299D5323-0EA3-413E-A90A-11CA996F8EA6}.Release|Any CPU.Build.0 = Release|Any CPU
		{8FDECE72-03D1-43A3-81D0-9B3BD81DB80D}.Debug|Any CPU.ActiveCfg = Debug|Any CPU
		{8FDECE72-03D1-43A3-81D0-9B3BD81DB80D}.Debug|Any CPU.Build.0 = Debug|Any CPU
		{8FDECE72-03D1-43A3-81D0-9B3BD81DB80D}.Release|Any CPU.ActiveCfg = Release|Any CPU
		{8FDECE72-03D1-43A3-81D0-9B3BD81DB80D}.Release|Any CPU.Build.0 = Release|Any CPU
		{05A42367-A75B-4429-BD96-7C5D4C0AD1EA}.Debug|Any CPU.ActiveCfg = Debug|Any CPU
		{05A42367-A75B-4429-BD96-7C5D4C0AD1EA}.Debug|Any CPU.Build.0 = Debug|Any CPU
		{05A42367-A75B-4429-BD96-7C5D4C0AD1EA}.Release|Any CPU.ActiveCfg = Release|Any CPU
		{05A42367-A75B-4429-BD96-7C5D4C0AD1EA}.Release|Any CPU.Build.0 = Release|Any CPU
		{A11AC277-FAD6-8A97-37B0-323D21794203}.Debug|Any CPU.ActiveCfg = Debug|Any CPU
		{A11AC277-FAD6-8A97-37B0-323D21794203}.Debug|Any CPU.Build.0 = Debug|Any CPU
		{A11AC277-FAD6-8A97-37B0-323D21794203}.Release|Any CPU.ActiveCfg = Release|Any CPU
		{A11AC277-FAD6-8A97-37B0-323D21794203}.Release|Any CPU.Build.0 = Release|Any CPU
		{6E6D3B70-749E-B21A-425A-D6EE0FBC2512}.Debug|Any CPU.ActiveCfg = Debug|Any CPU
		{6E6D3B70-749E-B21A-425A-D6EE0FBC2512}.Debug|Any CPU.Build.0 = Debug|Any CPU
		{6E6D3B70-749E-B21A-425A-D6EE0FBC2512}.Release|Any CPU.ActiveCfg = Release|Any CPU
		{6E6D3B70-749E-B21A-425A-D6EE0FBC2512}.Release|Any CPU.Build.0 = Release|Any CPU
		{5AB71346-FB30-385B-1BF8-163CF15AF363}.Debug|Any CPU.ActiveCfg = Debug|Any CPU
		{5AB71346-FB30-385B-1BF8-163CF15AF363}.Debug|Any CPU.Build.0 = Debug|Any CPU
		{5AB71346-FB30-385B-1BF8-163CF15AF363}.Release|Any CPU.ActiveCfg = Release|Any CPU
		{5AB71346-FB30-385B-1BF8-163CF15AF363}.Release|Any CPU.Build.0 = Release|Any CPU
		{1327D5EE-9C76-FB15-9B8B-571EE1B79910}.Debug|Any CPU.ActiveCfg = Debug|Any CPU
		{1327D5EE-9C76-FB15-9B8B-571EE1B79910}.Debug|Any CPU.Build.0 = Debug|Any CPU
		{1327D5EE-9C76-FB15-9B8B-571EE1B79910}.Release|Any CPU.ActiveCfg = Release|Any CPU
		{1327D5EE-9C76-FB15-9B8B-571EE1B79910}.Release|Any CPU.Build.0 = Release|Any CPU
		{4F6C5438-081F-D783-3729-E7BE60EC6159}.Debug|Any CPU.ActiveCfg = Debug|Any CPU
		{4F6C5438-081F-D783-3729-E7BE60EC6159}.Debug|Any CPU.Build.0 = Debug|Any CPU
		{4F6C5438-081F-D783-3729-E7BE60EC6159}.Release|Any CPU.ActiveCfg = Release|Any CPU
		{4F6C5438-081F-D783-3729-E7BE60EC6159}.Release|Any CPU.Build.0 = Release|Any CPU
		{7CD8D627-991A-47F5-261B-FC86782DFB4A}.Debug|Any CPU.ActiveCfg = Debug|Any CPU
		{7CD8D627-991A-47F5-261B-FC86782DFB4A}.Debug|Any CPU.Build.0 = Debug|Any CPU
		{7CD8D627-991A-47F5-261B-FC86782DFB4A}.Release|Any CPU.ActiveCfg = Release|Any CPU
		{7CD8D627-991A-47F5-261B-FC86782DFB4A}.Release|Any CPU.Build.0 = Release|Any CPU
		{4180E08A-4FF0-0FC0-0086-66240753F693}.Debug|Any CPU.ActiveCfg = Debug|Any CPU
		{4180E08A-4FF0-0FC0-0086-66240753F693}.Debug|Any CPU.Build.0 = Debug|Any CPU
		{4180E08A-4FF0-0FC0-0086-66240753F693}.Release|Any CPU.ActiveCfg = Release|Any CPU
		{4180E08A-4FF0-0FC0-0086-66240753F693}.Release|Any CPU.Build.0 = Release|Any CPU
		{DF676DC3-6D29-5D73-54CC-E7E1AF293FC1}.Debug|Any CPU.ActiveCfg = Debug|Any CPU
		{DF676DC3-6D29-5D73-54CC-E7E1AF293FC1}.Debug|Any CPU.Build.0 = Debug|Any CPU
		{DF676DC3-6D29-5D73-54CC-E7E1AF293FC1}.Release|Any CPU.ActiveCfg = Release|Any CPU
		{DF676DC3-6D29-5D73-54CC-E7E1AF293FC1}.Release|Any CPU.Build.0 = Release|Any CPU
		{C8B8FDCE-16CB-4C60-F879-8CF183332763}.Debug|Any CPU.ActiveCfg = Debug|Any CPU
		{C8B8FDCE-16CB-4C60-F879-8CF183332763}.Debug|Any CPU.Build.0 = Debug|Any CPU
		{C8B8FDCE-16CB-4C60-F879-8CF183332763}.Release|Any CPU.ActiveCfg = Release|Any CPU
		{C8B8FDCE-16CB-4C60-F879-8CF183332763}.Release|Any CPU.Build.0 = Release|Any CPU
		{F33378E0-2DEE-D957-B495-13EB71D4C69C}.Debug|Any CPU.ActiveCfg = Debug|Any CPU
		{F33378E0-2DEE-D957-B495-13EB71D4C69C}.Debug|Any CPU.Build.0 = Debug|Any CPU
		{F33378E0-2DEE-D957-B495-13EB71D4C69C}.Release|Any CPU.ActiveCfg = Release|Any CPU
		{F33378E0-2DEE-D957-B495-13EB71D4C69C}.Release|Any CPU.Build.0 = Release|Any CPU
		{8DF979AD-E838-177C-85FC-42865B6F4815}.Debug|Any CPU.ActiveCfg = Debug|Any CPU
		{8DF979AD-E838-177C-85FC-42865B6F4815}.Debug|Any CPU.Build.0 = Debug|Any CPU
		{8DF979AD-E838-177C-85FC-42865B6F4815}.Release|Any CPU.ActiveCfg = Release|Any CPU
		{8DF979AD-E838-177C-85FC-42865B6F4815}.Release|Any CPU.Build.0 = Release|Any CPU
		{01FA9DB5-758F-D4A3-6CC5-C1E5405DBE76}.Debug|Any CPU.ActiveCfg = Debug|Any CPU
		{01FA9DB5-758F-D4A3-6CC5-C1E5405DBE76}.Debug|Any CPU.Build.0 = Debug|Any CPU
		{01FA9DB5-758F-D4A3-6CC5-C1E5405DBE76}.Release|Any CPU.ActiveCfg = Release|Any CPU
		{01FA9DB5-758F-D4A3-6CC5-C1E5405DBE76}.Release|Any CPU.Build.0 = Release|Any CPU
		{4F1A4A14-CEA9-BC5F-FF9F-399B397D01B1}.Debug|Any CPU.ActiveCfg = Debug|Any CPU
		{4F1A4A14-CEA9-BC5F-FF9F-399B397D01B1}.Debug|Any CPU.Build.0 = Debug|Any CPU
		{4F1A4A14-CEA9-BC5F-FF9F-399B397D01B1}.Release|Any CPU.ActiveCfg = Release|Any CPU
		{4F1A4A14-CEA9-BC5F-FF9F-399B397D01B1}.Release|Any CPU.Build.0 = Release|Any CPU
	EndGlobalSection
	GlobalSection(SolutionProperties) = preSolution
		HideSolutionNode = FALSE
	EndGlobalSection
	GlobalSection(NestedProjects) = preSolution
		{EABA5D56-3061-4DDF-8849-CA992A22F610} = {02EA681E-C7D8-13C7-8484-4AC65E1B71E8}
		{D4E93E34-BCF7-43E3-8FE3-38E1DA2CBE98} = {02EA681E-C7D8-13C7-8484-4AC65E1B71E8}
		{0A536E2B-5B42-47D1-9680-BFA97549E204} = {02EA681E-C7D8-13C7-8484-4AC65E1B71E8}
		{F494A088-8D2B-857F-4891-A15D19DAB5AB} = {02EA681E-C7D8-13C7-8484-4AC65E1B71E8}
		{EABBF9CE-FB81-4D06-A094-1F2484F0B2EE} = {02EA681E-C7D8-13C7-8484-4AC65E1B71E8}
		{299D5323-0EA3-413E-A90A-11CA996F8EA6} = {02EA681E-C7D8-13C7-8484-4AC65E1B71E8}
		{8FDECE72-03D1-43A3-81D0-9B3BD81DB80D} = {02EA681E-C7D8-13C7-8484-4AC65E1B71E8}
		{05A42367-A75B-4429-BD96-7C5D4C0AD1EA} = {02EA681E-C7D8-13C7-8484-4AC65E1B71E8}
		{A11AC277-FAD6-8A97-37B0-323D21794203} = {02EA681E-C7D8-13C7-8484-4AC65E1B71E8}
		{6E6D3B70-749E-B21A-425A-D6EE0FBC2512} = {02EA681E-C7D8-13C7-8484-4AC65E1B71E8}
		{5AB71346-FB30-385B-1BF8-163CF15AF363} = {02EA681E-C7D8-13C7-8484-4AC65E1B71E8}
		{1327D5EE-9C76-FB15-9B8B-571EE1B79910} = {02EA681E-C7D8-13C7-8484-4AC65E1B71E8}
		{4F6C5438-081F-D783-3729-E7BE60EC6159} = {02EA681E-C7D8-13C7-8484-4AC65E1B71E8}
		{7CD8D627-991A-47F5-261B-FC86782DFB4A} = {02EA681E-C7D8-13C7-8484-4AC65E1B71E8}
		{4180E08A-4FF0-0FC0-0086-66240753F693} = {02EA681E-C7D8-13C7-8484-4AC65E1B71E8}
		{DF676DC3-6D29-5D73-54CC-E7E1AF293FC1} = {02EA681E-C7D8-13C7-8484-4AC65E1B71E8}
		{C8B8FDCE-16CB-4C60-F879-8CF183332763} = {02EA681E-C7D8-13C7-8484-4AC65E1B71E8}
		{F33378E0-2DEE-D957-B495-13EB71D4C69C} = {02EA681E-C7D8-13C7-8484-4AC65E1B71E8}
		{8DF979AD-E838-177C-85FC-42865B6F4815} = {02EA681E-C7D8-13C7-8484-4AC65E1B71E8}
		{01FA9DB5-758F-D4A3-6CC5-C1E5405DBE76} = {02EA681E-C7D8-13C7-8484-4AC65E1B71E8}
		{4F1A4A14-CEA9-BC5F-FF9F-399B397D01B1} = {02EA681E-C7D8-13C7-8484-4AC65E1B71E8}
	EndGlobalSection
	GlobalSection(ExtensibilityGlobals) = postSolution
		SolutionGuid = {0CA46BDE-CD5A-4B48-9976-68245C59A77F}
	EndGlobalSection
EndGlobal
