
Microsoft Visual Studio Solution File, Format Version 12.00
# Visual Studio Version 16
VisualStudioVersion = 16.0.36227.6
MinimumVisualStudioVersion = 10.0.40219.1
Project("{2150E333-8FDC-42A3-9474-1A3956D46DE8}") = "Linq", "Linq", "{02EA681E-C7D8-13C7-8484-4AC65E1B71E8}"
EndProject
Project("{9A19103F-16F7-4668-BE54-9A1E7A4F7556}") = "Documents", "Documents\Documents.csproj", "{998CB0AC-DC3F-4A22-8F27-E9C366507478}"
EndProject
Project("{9A19103F-16F7-4668-BE54-9A1E7A4F7556}") = "Includes", "Includes\Includes.csproj", "{111151A2-4DBD-42AE-99C6-53F813357848}"
EndProject
Project("{9A19103F-16F7-4668-BE54-9A1E7A4F7556}") = "Helper", "Helper\Helper.csproj", "{F62A5F3F-7CAC-46CF-8114-E991CC9EE0D0}"
EndProject
Global
	GlobalSection(SolutionConfigurationPlatforms) = preSolution
		Debug|Any CPU = Debug|Any CPU
		Release|Any CPU = Release|Any CPU
	EndGlobalSection
	GlobalSection(ProjectConfigurationPlatforms) = postSolution
		{998CB0AC-DC3F-4A22-8F27-E9C366507478}.Debug|Any CPU.ActiveCfg = Debug|Any CPU
		{998CB0AC-DC3F-4A22-8F27-E9C366507478}.Release|Any CPU.ActiveCfg = Release|Any CPU
		{998CB0AC-DC3F-4A22-8F27-E9C366507478}.Release|Any CPU.Build.0 = Release|Any CPU
		{111151A2-4DBD-42AE-99C6-53F813357848}.Debug|Any CPU.ActiveCfg = Debug|Any CPU
		{111151A2-4DBD-42AE-99C6-53F813357848}.Release|Any CPU.ActiveCfg = Release|Any CPU
		{111151A2-4DBD-42AE-99C6-53F813357848}.Release|Any CPU.Build.0 = Release|Any CPU
		{F62A5F3F-7CAC-46CF-8114-E991CC9EE0D0}.Debug|Any CPU.ActiveCfg = Debug|Any CPU
		{F62A5F3F-7CAC-46CF-8114-E991CC9EE0D0}.Release|Any CPU.ActiveCfg = Release|Any CPU
		{F62A5F3F-7CAC-46CF-8114-E991CC9EE0D0}.Release|Any CPU.Build.0 = Release|Any CPU
	EndGlobalSection
	GlobalSection(SolutionProperties) = preSolution
		HideSolutionNode = FALSE
	EndGlobalSection
	GlobalSection(ExtensibilityGlobals) = postSolution
		SolutionGuid = {0CA46BDE-CD5A-4B48-9976-68245C59A77F}
	EndGlobalSection
EndGlobal
